// !$*UTF8*$!
{
	archiveVersion = 1;
	classes = {
	};
	objectVersion = 50;
	objects = {

/* Begin PBXBuildFile section */
		3113EA0223D019C900195B5F /* AppDelegate.swift in Sources */ = {isa = PBXBuildFile; fileRef = 3113EA0123D019C900195B5F /* AppDelegate.swift */; };
		3113EA0423D019C900195B5F /* SceneDelegate.swift in Sources */ = {isa = PBXBuildFile; fileRef = 3113EA0323D019C900195B5F /* SceneDelegate.swift */; };
		3113EA0623D019C900195B5F /* ViewController.swift in Sources */ = {isa = PBXBuildFile; fileRef = 3113EA0523D019C900195B5F /* ViewController.swift */; };
		3113EA0923D019C900195B5F /* Main.storyboard in Resources */ = {isa = PBXBuildFile; fileRef = 3113EA0723D019C900195B5F /* Main.storyboard */; };
		3113EA0B23D019CA00195B5F /* Assets.xcassets in Resources */ = {isa = PBXBuildFile; fileRef = 3113EA0A23D019CA00195B5F /* Assets.xcassets */; };
		3113EA0E23D019CA00195B5F /* LaunchScreen.storyboard in Resources */ = {isa = PBXBuildFile; fileRef = 3113EA0C23D019CA00195B5F /* LaunchScreen.storyboard */; };
		3113EA1923D019CA00195B5F /* SickTests.swift in Sources */ = {isa = PBXBuildFile; fileRef = 3113EA1823D019CA00195B5F /* SickTests.swift */; };
		3113EA2423D019CB00195B5F /* SickUITests.swift in Sources */ = {isa = PBXBuildFile; fileRef = 3113EA2323D019CB00195B5F /* SickUITests.swift */; };
/* End PBXBuildFile section */

/* Begin PBXContainerItemProxy section */
		3113EA1523D019CA00195B5F /* PBXContainerItemProxy */ = {
			isa = PBXContainerItemProxy;
			containerPortal = 3113E9F623D019C900195B5F /* Project object */;
			proxyType = 1;
			remoteGlobalIDString = 3113E9FD23D019C900195B5F;
			remoteInfo = Sick;
		};
		3113EA2023D019CB00195B5F /* PBXContainerItemProxy */ = {
			isa = PBXContainerItemProxy;
			containerPortal = 3113E9F623D019C900195B5F /* Project object */;
			proxyType = 1;
			remoteGlobalIDString = 3113E9FD23D019C900195B5F;
			remoteInfo = Sick;
		};
/* End PBXContainerItemProxy section */

/* Begin PBXFileReference section */
		3113E9FE23D019C900195B5F /* Sick.app */ = {isa = PBXFileReference; explicitFileType = wrapper.application; includeInIndex = 0; path = Sick.app; sourceTree = BUILT_PRODUCTS_DIR; };
		3113EA0123D019C900195B5F /* AppDelegate.swift */ = {isa = PBXFileReference; lastKnownFileType = sourcecode.swift; path = AppDelegate.swift; sourceTree = "<group>"; };
		3113EA0323D019C900195B5F /* SceneDelegate.swift */ = {isa = PBXFileReference; lastKnownFileType = sourcecode.swift; path = SceneDelegate.swift; sourceTree = "<group>"; };
		3113EA0523D019C900195B5F /* ViewController.swift */ = {isa = PBXFileReference; lastKnownFileType = sourcecode.swift; path = ViewController.swift; sourceTree = "<group>"; };
		3113EA0823D019C900195B5F /* Base */ = {isa = PBXFileReference; lastKnownFileType = file.storyboard; name = Base; path = Base.lproj/Main.storyboard; sourceTree = "<group>"; };
		3113EA0A23D019CA00195B5F /* Assets.xcassets */ = {isa = PBXFileReference; lastKnownFileType = folder.assetcatalog; path = Assets.xcassets; sourceTree = "<group>"; };
		3113EA0D23D019CA00195B5F /* Base */ = {isa = PBXFileReference; lastKnownFileType = file.storyboard; name = Base; path = Base.lproj/LaunchScreen.storyboard; sourceTree = "<group>"; };
		3113EA0F23D019CA00195B5F /* Info.plist */ = {isa = PBXFileReference; lastKnownFileType = text.plist.xml; path = Info.plist; sourceTree = "<group>"; };
		3113EA1423D019CA00195B5F /* SickTests.xctest */ = {isa = PBXFileReference; explicitFileType = wrapper.cfbundle; includeInIndex = 0; path = SickTests.xctest; sourceTree = BUILT_PRODUCTS_DIR; };
		3113EA1823D019CA00195B5F /* SickTests.swift */ = {isa = PBXFileReference; lastKnownFileType = sourcecode.swift; path = SickTests.swift; sourceTree = "<group>"; };
		3113EA1A23D019CA00195B5F /* Info.plist */ = {isa = PBXFileReference; lastKnownFileType = text.plist.xml; path = Info.plist; sourceTree = "<group>"; };
		3113EA1F23D019CB00195B5F /* SickUITests.xctest */ = {isa = PBXFileReference; explicitFileType = wrapper.cfbundle; includeInIndex = 0; path = SickUITests.xctest; sourceTree = BUILT_PRODUCTS_DIR; };
		3113EA2323D019CB00195B5F /* SickUITests.swift */ = {isa = PBXFileReference; lastKnownFileType = sourcecode.swift; path = SickUITests.swift; sourceTree = "<group>"; };
		3113EA2523D019CB00195B5F /* Info.plist */ = {isa = PBXFileReference; lastKnownFileType = text.plist.xml; path = Info.plist; sourceTree = "<group>"; };
/* End PBXFileReference section */

/* Begin PBXFrameworksBuildPhase section */
		3113E9FB23D019C900195B5F /* Frameworks */ = {
			isa = PBXFrameworksBuildPhase;
			buildActionMask = 2147483647;
			files = (
			);
			runOnlyForDeploymentPostprocessing = 0;
		};
		3113EA1123D019CA00195B5F /* Frameworks */ = {
			isa = PBXFrameworksBuildPhase;
			buildActionMask = 2147483647;
			files = (
			);
			runOnlyForDeploymentPostprocessing = 0;
		};
		3113EA1C23D019CB00195B5F /* Frameworks */ = {
			isa = PBXFrameworksBuildPhase;
			buildActionMask = 2147483647;
			files = (
			);
			runOnlyForDeploymentPostprocessing = 0;
		};
/* End PBXFrameworksBuildPhase section */

/* Begin PBXGroup section */
		3113E9F523D019C900195B5F = {
			isa = PBXGroup;
			children = (
				3113EA0023D019C900195B5F /* Sick */,
				3113EA1723D019CA00195B5F /* SickTests */,
				3113EA2223D019CB00195B5F /* SickUITests */,
				3113E9FF23D019C900195B5F /* Products */,
			);
			sourceTree = "<group>";
		};
		3113E9FF23D019C900195B5F /* Products */ = {
			isa = PBXGroup;
			children = (
				3113E9FE23D019C900195B5F /* Sick.app */,
				3113EA1423D019CA00195B5F /* SickTests.xctest */,
				3113EA1F23D019CB00195B5F /* SickUITests.xctest */,
			);
			name = Products;
			sourceTree = "<group>";
		};
		3113EA0023D019C900195B5F /* Sick */ = {
			isa = PBXGroup;
			children = (
				3113EA0123D019C900195B5F /* AppDelegate.swift */,
				3113EA0323D019C900195B5F /* SceneDelegate.swift */,
				3113EA0523D019C900195B5F /* ViewController.swift */,
				3113EA0723D019C900195B5F /* Main.storyboard */,
				3113EA0A23D019CA00195B5F /* Assets.xcassets */,
				3113EA0C23D019CA00195B5F /* LaunchScreen.storyboard */,
				3113EA0F23D019CA00195B5F /* Info.plist */,
			);
			path = Sick;
			sourceTree = "<group>";
		};
		3113EA1723D019CA00195B5F /* SickTests */ = {
			isa = PBXGroup;
			children = (
				3113EA1823D019CA00195B5F /* SickTests.swift */,
				3113EA1A23D019CA00195B5F /* Info.plist */,
			);
			path = SickTests;
			sourceTree = "<group>";
		};
		3113EA2223D019CB00195B5F /* SickUITests */ = {
			isa = PBXGroup;
			children = (
				3113EA2323D019CB00195B5F /* SickUITests.swift */,
				3113EA2523D019CB00195B5F /* Info.plist */,
			);
			path = SickUITests;
			sourceTree = "<group>";
		};
/* End PBXGroup section */

/* Begin PBXNativeTarget section */
		3113E9FD23D019C900195B5F /* Sick */ = {
			isa = PBXNativeTarget;
			buildConfigurationList = 3113EA2823D019CB00195B5F /* Build configuration list for PBXNativeTarget "Sick" */;
			buildPhases = (
				3113E9FA23D019C900195B5F /* Sources */,
				3113E9FB23D019C900195B5F /* Frameworks */,
				3113E9FC23D019C900195B5F /* Resources */,
			);
			buildRules = (
			);
			dependencies = (
			);
			name = Sick;
			productName = Sick;
			productReference = 3113E9FE23D019C900195B5F /* Sick.app */;
			productType = "com.apple.product-type.application";
		};
		3113EA1323D019CA00195B5F /* SickTests */ = {
			isa = PBXNativeTarget;
			buildConfigurationList = 3113EA2B23D019CB00195B5F /* Build configuration list for PBXNativeTarget "SickTests" */;
			buildPhases = (
				3113EA1023D019CA00195B5F /* Sources */,
				3113EA1123D019CA00195B5F /* Frameworks */,
				3113EA1223D019CA00195B5F /* Resources */,
			);
			buildRules = (
			);
			dependencies = (
				3113EA1623D019CA00195B5F /* PBXTargetDependency */,
			);
			name = SickTests;
			productName = SickTests;
			productReference = 3113EA1423D019CA00195B5F /* SickTests.xctest */;
			productType = "com.apple.product-type.bundle.unit-test";
		};
		3113EA1E23D019CB00195B5F /* SickUITests */ = {
			isa = PBXNativeTarget;
			buildConfigurationList = 3113EA2E23D019CB00195B5F /* Build configuration list for PBXNativeTarget "SickUITests" */;
			buildPhases = (
				3113EA1B23D019CB00195B5F /* Sources */,
				3113EA1C23D019CB00195B5F /* Frameworks */,
				3113EA1D23D019CB00195B5F /* Resources */,
			);
			buildRules = (
			);
			dependencies = (
				3113EA2123D019CB00195B5F /* PBXTargetDependency */,
			);
			name = SickUITests;
			productName = SickUITests;
			productReference = 3113EA1F23D019CB00195B5F /* SickUITests.xctest */;
			productType = "com.apple.product-type.bundle.ui-testing";
		};
/* End PBXNativeTarget section */

/* Begin PBXProject section */
		3113E9F623D019C900195B5F /* Project object */ = {
			isa = PBXProject;
			attributes = {
				LastSwiftUpdateCheck = 1120;
				LastUpgradeCheck = 1120;
				ORGANIZATIONNAME = "Ethan Ng";
				TargetAttributes = {
					3113E9FD23D019C900195B5F = {
						CreatedOnToolsVersion = 11.2.1;
					};
					3113EA1323D019CA00195B5F = {
						CreatedOnToolsVersion = 11.2.1;
						TestTargetID = 3113E9FD23D019C900195B5F;
					};
					3113EA1E23D019CB00195B5F = {
						CreatedOnToolsVersion = 11.2.1;
						TestTargetID = 3113E9FD23D019C900195B5F;
					};
				};
			};
			buildConfigurationList = 3113E9F923D019C900195B5F /* Build configuration list for PBXProject "Sick" */;
			compatibilityVersion = "Xcode 9.3";
			developmentRegion = en;
			hasScannedForEncodings = 0;
			knownRegions = (
				en,
				Base,
			);
			mainGroup = 3113E9F523D019C900195B5F;
			productRefGroup = 3113E9FF23D019C900195B5F /* Products */;
			projectDirPath = "";
			projectRoot = "";
			targets = (
				3113E9FD23D019C900195B5F /* Sick */,
				3113EA1323D019CA00195B5F /* SickTests */,
				3113EA1E23D019CB00195B5F /* SickUITests */,
			);
		};
/* End PBXProject section */

/* Begin PBXResourcesBuildPhase section */
		3113E9FC23D019C900195B5F /* Resources */ = {
			isa = PBXResourcesBuildPhase;
			buildActionMask = 2147483647;
			files = (
				3113EA0E23D019CA00195B5F /* LaunchScreen.storyboard in Resources */,
				3113EA0B23D019CA00195B5F /* Assets.xcassets in Resources */,
				3113EA0923D019C900195B5F /* Main.storyboard in Resources */,
			);
			runOnlyForDeploymentPostprocessing = 0;
		};
		3113EA1223D019CA00195B5F /* Resources */ = {
			isa = PBXResourcesBuildPhase;
			buildActionMask = 2147483647;
			files = (
			);
			runOnlyForDeploymentPostprocessing = 0;
		};
		3113EA1D23D019CB00195B5F /* Resources */ = {
			isa = PBXResourcesBuildPhase;
			buildActionMask = 2147483647;
			files = (
			);
			runOnlyForDeploymentPostprocessing = 0;
		};
/* End PBXResourcesBuildPhase section */

/* Begin PBXSourcesBuildPhase section */
		3113E9FA23D019C900195B5F /* Sources */ = {
			isa = PBXSourcesBuildPhase;
			buildActionMask = 2147483647;
			files = (
				3113EA0623D019C900195B5F /* ViewController.swift in Sources */,
				3113EA0223D019C900195B5F /* AppDelegate.swift in Sources */,
				3113EA0423D019C900195B5F /* SceneDelegate.swift in Sources */,
			);
			runOnlyForDeploymentPostprocessing = 0;
		};
		3113EA1023D019CA00195B5F /* Sources */ = {
			isa = PBXSourcesBuildPhase;
			buildActionMask = 2147483647;
			files = (
				3113EA1923D019CA00195B5F /* SickTests.swift in Sources */,
			);
			runOnlyForDeploymentPostprocessing = 0;
		};
		3113EA1B23D019CB00195B5F /* Sources */ = {
			isa = PBXSourcesBuildPhase;
			buildActionMask = 2147483647;
			files = (
				3113EA2423D019CB00195B5F /* SickUITests.swift in Sources */,
			);
			runOnlyForDeploymentPostprocessing = 0;
		};
/* End PBXSourcesBuildPhase section */

/* Begin PBXTargetDependency section */
		3113EA1623D019CA00195B5F /* PBXTargetDependency */ = {
			isa = PBXTargetDependency;
			target = 3113E9FD23D019C900195B5F /* Sick */;
			targetProxy = 3113EA1523D019CA00195B5F /* PBXContainerItemProxy */;
		};
		3113EA2123D019CB00195B5F /* PBXTargetDependency */ = {
			isa = PBXTargetDependency;
			target = 3113E9FD23D019C900195B5F /* Sick */;
			targetProxy = 3113EA2023D019CB00195B5F /* PBXContainerItemProxy */;
		};
/* End PBXTargetDependency section */

/* Begin PBXVariantGroup section */
		3113EA0723D019C900195B5F /* Main.storyboard */ = {
			isa = PBXVariantGroup;
			children = (
				3113EA0823D019C900195B5F /* Base */,
			);
			name = Main.storyboard;
			sourceTree = "<group>";
		};
		3113EA0C23D019CA00195B5F /* LaunchScreen.storyboard */ = {
			isa = PBXVariantGroup;
			children = (
				3113EA0D23D019CA00195B5F /* Base */,
			);
			name = LaunchScreen.storyboard;
			sourceTree = "<group>";
		};
/* End PBXVariantGroup section */

/* Begin XCBuildConfiguration section */
		3113EA2623D019CB00195B5F /* Debug */ = {
			isa = XCBuildConfiguration;
			buildSettings = {
				ALWAYS_SEARCH_USER_PATHS = NO;
				CLANG_ANALYZER_NONNULL = YES;
				CLANG_ANALYZER_NUMBER_OBJECT_CONVERSION = YES_AGGRESSIVE;
				CLANG_CXX_LANGUAGE_STANDARD = "gnu++14";
				CLANG_CXX_LIBRARY = "libc++";
				CLANG_ENABLE_MODULES = YES;
				CLANG_ENABLE_OBJC_ARC = YES;
				CLANG_ENABLE_OBJC_WEAK = YES;
				CLANG_WARN_BLOCK_CAPTURE_AUTORELEASING = YES;
				CLANG_WARN_BOOL_CONVERSION = YES;
				CLANG_WARN_COMMA = YES;
				CLANG_WARN_CONSTANT_CONVERSION = YES;
				CLANG_WARN_DEPRECATED_OBJC_IMPLEMENTATIONS = YES;
				CLANG_WARN_DIRECT_OBJC_ISA_USAGE = YES_ERROR;
				CLANG_WARN_DOCUMENTATION_COMMENTS = YES;
				CLANG_WARN_EMPTY_BODY = YES;
				CLANG_WARN_ENUM_CONVERSION = YES;
				CLANG_WARN_INFINITE_RECURSION = YES;
				CLANG_WARN_INT_CONVERSION = YES;
				CLANG_WARN_NON_LITERAL_NULL_CONVERSION = YES;
				CLANG_WARN_OBJC_IMPLICIT_RETAIN_SELF = YES;
				CLANG_WARN_OBJC_LITERAL_CONVERSION = YES;
				CLANG_WARN_OBJC_ROOT_CLASS = YES_ERROR;
				CLANG_WARN_RANGE_LOOP_ANALYSIS = YES;
				CLANG_WARN_STRICT_PROTOTYPES = YES;
				CLANG_WARN_SUSPICIOUS_MOVE = YES;
				CLANG_WARN_UNGUARDED_AVAILABILITY = YES_AGGRESSIVE;
				CLANG_WARN_UNREACHABLE_CODE = YES;
				CLANG_WARN__DUPLICATE_METHOD_MATCH = YES;
				COPY_PHASE_STRIP = NO;
				DEBUG_INFORMATION_FORMAT = dwarf;
				ENABLE_STRICT_OBJC_MSGSEND = YES;
				ENABLE_TESTABILITY = YES;
				GCC_C_LANGUAGE_STANDARD = gnu11;
				GCC_DYNAMIC_NO_PIC = NO;
				GCC_NO_COMMON_BLOCKS = YES;
				GCC_OPTIMIZATION_LEVEL = 0;
				GCC_PREPROCESSOR_DEFINITIONS = (
					"DEBUG=1",
					"$(inherited)",
				);
				GCC_WARN_64_TO_32_BIT_CONVERSION = YES;
				GCC_WARN_ABOUT_RETURN_TYPE = YES_ERROR;
				GCC_WARN_UNDECLARED_SELECTOR = YES;
				GCC_WARN_UNINITIALIZED_AUTOS = YES_AGGRESSIVE;
				GCC_WARN_UNUSED_FUNCTION = YES;
				GCC_WARN_UNUSED_VARIABLE = YES;
				IPHONEOS_DEPLOYMENT_TARGET = 13.2;
				MTL_ENABLE_DEBUG_INFO = INCLUDE_SOURCE;
				MTL_FAST_MATH = YES;
				ONLY_ACTIVE_ARCH = YES;
				SDKROOT = iphoneos;
				SWIFT_ACTIVE_COMPILATION_CONDITIONS = DEBUG;
				SWIFT_OPTIMIZATION_LEVEL = "-Onone";
			};
			name = Debug;
		};
		3113EA2723D019CB00195B5F /* Release */ = {
			isa = XCBuildConfiguration;
			buildSettings = {
				ALWAYS_SEARCH_USER_PATHS = NO;
				CLANG_ANALYZER_NONNULL = YES;
				CLANG_ANALYZER_NUMBER_OBJECT_CONVERSION = YES_AGGRESSIVE;
				CLANG_CXX_LANGUAGE_STANDARD = "gnu++14";
				CLANG_CXX_LIBRARY = "libc++";
				CLANG_ENABLE_MODULES = YES;
				CLANG_ENABLE_OBJC_ARC = YES;
				CLANG_ENABLE_OBJC_WEAK = YES;
				CLANG_WARN_BLOCK_CAPTURE_AUTORELEASING = YES;
				CLANG_WARN_BOOL_CONVERSION = YES;
				CLANG_WARN_COMMA = YES;
				CLANG_WARN_CONSTANT_CONVERSION = YES;
				CLANG_WARN_DEPRECATED_OBJC_IMPLEMENTATIONS = YES;
				CLANG_WARN_DIRECT_OBJC_ISA_USAGE = YES_ERROR;
				CLANG_WARN_DOCUMENTATION_COMMENTS = YES;
				CLANG_WARN_EMPTY_BODY = YES;
				CLANG_WARN_ENUM_CONVERSION = YES;
				CLANG_WARN_INFINITE_RECURSION = YES;
				CLANG_WARN_INT_CONVERSION = YES;
				CLANG_WARN_NON_LITERAL_NULL_CONVERSION = YES;
				CLANG_WARN_OBJC_IMPLICIT_RETAIN_SELF = YES;
				CLANG_WARN_OBJC_LITERAL_CONVERSION = YES;
				CLANG_WARN_OBJC_ROOT_CLASS = YES_ERROR;
				CLANG_WARN_RANGE_LOOP_ANALYSIS = YES;
				CLANG_WARN_STRICT_PROTOTYPES = YES;
				CLANG_WARN_SUSPICIOUS_MOVE = YES;
				CLANG_WARN_UNGUARDED_AVAILABILITY = YES_AGGRESSIVE;
				CLANG_WARN_UNREACHABLE_CODE = YES;
				CLANG_WARN__DUPLICATE_METHOD_MATCH = YES;
				COPY_PHASE_STRIP = NO;
				DEBUG_INFORMATION_FORMAT = "dwarf-with-dsym";
				ENABLE_NS_ASSERTIONS = NO;
				ENABLE_STRICT_OBJC_MSGSEND = YES;
				GCC_C_LANGUAGE_STANDARD = gnu11;
				GCC_NO_COMMON_BLOCKS = YES;
				GCC_WARN_64_TO_32_BIT_CONVERSION = YES;
				GCC_WARN_ABOUT_RETURN_TYPE = YES_ERROR;
				GCC_WARN_UNDECLARED_SELECTOR = YES;
				GCC_WARN_UNINITIALIZED_AUTOS = YES_AGGRESSIVE;
				GCC_WARN_UNUSED_FUNCTION = YES;
				GCC_WARN_UNUSED_VARIABLE = YES;
				IPHONEOS_DEPLOYMENT_TARGET = 13.2;
				MTL_ENABLE_DEBUG_INFO = NO;
				MTL_FAST_MATH = YES;
				SDKROOT = iphoneos;
				SWIFT_COMPILATION_MODE = wholemodule;
				SWIFT_OPTIMIZATION_LEVEL = "-O";
				VALIDATE_PRODUCT = YES;
			};
			name = Release;
		};
		3113EA2923D019CB00195B5F /* Debug */ = {
			isa = XCBuildConfiguration;
			buildSettings = {
				ASSETCATALOG_COMPILER_APPICON_NAME = AppIcon;
				CODE_SIGN_STYLE = Automatic;
				DEVELOPMENT_TEAM = N582TJ9X3R;
				INFOPLIST_FILE = Sick/Info.plist;
				LD_RUNPATH_SEARCH_PATHS = (
					"$(inherited)",
					"@executable_path/Frameworks",
				);
				PRODUCT_BUNDLE_IDENTIFIER = org.cate.cs.ken.Sick;
				PRODUCT_NAME = "$(TARGET_NAME)";
				SWIFT_VERSION = 5.0;
				TARGETED_DEVICE_FAMILY = "1,2";
			};
			name = Debug;
		};
		3113EA2A23D019CB00195B5F /* Release */ = {
			isa = XCBuildConfiguration;
			buildSettings = {
				ASSETCATALOG_COMPILER_APPICON_NAME = AppIcon;
				CODE_SIGN_STYLE = Automatic;
				DEVELOPMENT_TEAM = N582TJ9X3R;
				INFOPLIST_FILE = Sick/Info.plist;
				LD_RUNPATH_SEARCH_PATHS = (
					"$(inherited)",
					"@executable_path/Frameworks",
				);
				PRODUCT_BUNDLE_IDENTIFIER = org.cate.cs.ken.Sick;
				PRODUCT_NAME = "$(TARGET_NAME)";
				SWIFT_VERSION = 5.0;
				TARGETED_DEVICE_FAMILY = "1,2";
			};
			name = Release;
		};
		3113EA2C23D019CB00195B5F /* Debug */ = {
			isa = XCBuildConfiguration;
			buildSettings = {
				ALWAYS_EMBED_SWIFT_STANDARD_LIBRARIES = YES;
				BUNDLE_LOADER = "$(TEST_HOST)";
				CODE_SIGN_STYLE = Automatic;
				DEVELOPMENT_TEAM = N582TJ9X3R;
				INFOPLIST_FILE = SickTests/Info.plist;
				IPHONEOS_DEPLOYMENT_TARGET = 13.2;
				LD_RUNPATH_SEARCH_PATHS = (
					"$(inherited)",
					"@executable_path/Frameworks",
					"@loader_path/Frameworks",
				);
				PRODUCT_BUNDLE_IDENTIFIER = org.cate.cs.ken.SickTests;
				PRODUCT_NAME = "$(TARGET_NAME)";
				SWIFT_VERSION = 5.0;
				TARGETED_DEVICE_FAMILY = "1,2";
				TEST_HOST = "$(BUILT_PRODUCTS_DIR)/Sick.app/Sick";
			};
			name = Debug;
		};
		3113EA2D23D019CB00195B5F /* Release */ = {
			isa = XCBuildConfiguration;
			buildSettings = {
				ALWAYS_EMBED_SWIFT_STANDARD_LIBRARIES = YES;
				BUNDLE_LOADER = "$(TEST_HOST)";
				CODE_SIGN_STYLE = Automatic;
				DEVELOPMENT_TEAM = N582TJ9X3R;
				INFOPLIST_FILE = SickTests/Info.plist;
				IPHONEOS_DEPLOYMENT_TARGET = 13.2;
				LD_RUNPATH_SEARCH_PATHS = (
					"$(inherited)",
					"@executable_path/Frameworks",
					"@loader_path/Frameworks",
				);
				PRODUCT_BUNDLE_IDENTIFIER = org.cate.cs.ken.SickTests;
				PRODUCT_NAME = "$(TARGET_NAME)";
				SWIFT_VERSION = 5.0;
				TARGETED_DEVICE_FAMILY = "1,2";
				TEST_HOST = "$(BUILT_PRODUCTS_DIR)/Sick.app/Sick";
			};
			name = Release;
		};
		3113EA2F23D019CB00195B5F /* Debug */ = {
			isa = XCBuildConfiguration;
			buildSettings = {
				ALWAYS_EMBED_SWIFT_STANDARD_LIBRARIES = YES;
				CODE_SIGN_STYLE = Automatic;
				DEVELOPMENT_TEAM = N582TJ9X3R;
				INFOPLIST_FILE = SickUITests/Info.plist;
				LD_RUNPATH_SEARCH_PATHS = (
					"$(inherited)",
					"@executable_path/Frameworks",
					"@loader_path/Frameworks",
				);
				PRODUCT_BUNDLE_IDENTIFIER = org.cate.cs.ken.SickUITests;
				PRODUCT_NAME = "$(TARGET_NAME)";
				SWIFT_VERSION = 5.0;
				TARGETED_DEVICE_FAMILY = "1,2";
				TEST_TARGET_NAME = Sick;
			};
			name = Debug;
		};
		3113EA3023D019CB00195B5F /* Release */ = {
			isa = XCBuildConfiguration;
			buildSettings = {
				ALWAYS_EMBED_SWIFT_STANDARD_LIBRARIES = YES;
				CODE_SIGN_STYLE = Automatic;
				DEVELOPMENT_TEAM = N582TJ9X3R;
				INFOPLIST_FILE = SickUITests/Info.plist;
				LD_RUNPATH_SEARCH_PATHS = (
					"$(inherited)",
					"@executable_path/Frameworks",
					"@loader_path/Frameworks",
				);
				PRODUCT_BUNDLE_IDENTIFIER = org.cate.cs.ken.SickUITests;
				PRODUCT_NAME = "$(TARGET_NAME)";
				SWIFT_VERSION = 5.0;
				TARGETED_DEVICE_FAMILY = "1,2";
				TEST_TARGET_NAME = Sick;
			};
			name = Release;
		};
/* End XCBuildConfiguration section */

/* Begin XCConfigurationList section */
		3113E9F923D019C900195B5F /* Build configuration list for PBXProject "Sick" */ = {
			isa = XCConfigurationList;
			buildConfigurations = (
				3113EA2623D019CB00195B5F /* Debug */,
				3113EA2723D019CB00195B5F /* Release */,
			);
			defaultConfigurationIsVisible = 0;
			defaultConfigurationName = Release;
		};
		3113EA2823D019CB00195B5F /* Build configuration list for PBXNativeTarget "Sick" */ = {
			isa = XCConfigurationList;
			buildConfigurations = (
				3113EA2923D019CB00195B5F /* Debug */,
				3113EA2A23D019CB00195B5F /* Release */,
			);
			defaultConfigurationIsVisible = 0;
			defaultConfigurationName = Release;
		};
		3113EA2B23D019CB00195B5F /* Build configuration list for PBXNativeTarget "SickTests" */ = {
			isa = XCConfigurationList;
			buildConfigurations = (
				3113EA2C23D019CB00195B5F /* Debug */,
				3113EA2D23D019CB00195B5F /* Release */,
			);
			defaultConfigurationIsVisible = 0;
			defaultConfigurationName = Release;
		};
		3113EA2E23D019CB00195B5F /* Build configuration list for PBXNativeTarget "SickUITests" */ = {
			isa = XCConfigurationList;
			buildConfigurations = (
				3113EA2F23D019CB00195B5F /* Debug */,
				3113EA3023D019CB00195B5F /* Release */,
			);
			defaultConfigurationIsVisible = 0;
			defaultConfigurationName = Release;
		};
/* End XCConfigurationList section */
	};
	rootObject = 3113E9F623D019C900195B5F /* Project object */;
}
